// !$*UTF8*$!
{
	archiveVersion = 1;
	classes = {
	};
	objectVersion = 46;
	objects = {

/* Begin PBXBuildFile section */
		0732525FD9DE098528BB1C6D /* Pods_BCHA_Formulary.framework in Frameworks */ = {isa = PBXBuildFile; fileRef = 94EC832AA75E3C69084A7C27 /* Pods_BCHA_Formulary.framework */; };
		6279E7EA6582993D180C9A9D /* Pods_BCHA_FormularyTests.framework in Frameworks */ = {isa = PBXBuildFile; fileRef = 7A120226E75C64C6105B82E9 /* Pods_BCHA_FormularyTests.framework */; };
		AF519F111EBB9CAE00385A4C /* RestrictedBrand+CoreDataClass.swift in Sources */ = {isa = PBXBuildFile; fileRef = AF519F011EBB9CAE00385A4C /* RestrictedBrand+CoreDataClass.swift */; };
		AF519F121EBB9CAE00385A4C /* RestrictedBrand+CoreDataProperties.swift in Sources */ = {isa = PBXBuildFile; fileRef = AF519F021EBB9CAE00385A4C /* RestrictedBrand+CoreDataProperties.swift */; };
		AF519F131EBB9CAE00385A4C /* FormularyGeneric+CoreDataClass.swift in Sources */ = {isa = PBXBuildFile; fileRef = AF519F031EBB9CAE00385A4C /* FormularyGeneric+CoreDataClass.swift */; };
		AF519F141EBB9CAE00385A4C /* FormularyGeneric+CoreDataProperties.swift in Sources */ = {isa = PBXBuildFile; fileRef = AF519F041EBB9CAE00385A4C /* FormularyGeneric+CoreDataProperties.swift */; };
		AF519F151EBB9CAE00385A4C /* ExcludedGeneric+CoreDataClass.swift in Sources */ = {isa = PBXBuildFile; fileRef = AF519F051EBB9CAE00385A4C /* ExcludedGeneric+CoreDataClass.swift */; };
		AF519F161EBB9CAE00385A4C /* ExcludedGeneric+CoreDataProperties.swift in Sources */ = {isa = PBXBuildFile; fileRef = AF519F061EBB9CAE00385A4C /* ExcludedGeneric+CoreDataProperties.swift */; };
		AF519F171EBB9CAE00385A4C /* ExcludedBrand+CoreDataClass.swift in Sources */ = {isa = PBXBuildFile; fileRef = AF519F071EBB9CAE00385A4C /* ExcludedBrand+CoreDataClass.swift */; };
		AF519F181EBB9CAE00385A4C /* ExcludedBrand+CoreDataProperties.swift in Sources */ = {isa = PBXBuildFile; fileRef = AF519F081EBB9CAE00385A4C /* ExcludedBrand+CoreDataProperties.swift */; };
		AF519F1B1EBB9CAE00385A4C /* FormularyBrand+CoreDataClass.swift in Sources */ = {isa = PBXBuildFile; fileRef = AF519F0B1EBB9CAE00385A4C /* FormularyBrand+CoreDataClass.swift */; };
		AF519F1C1EBB9CAE00385A4C /* FormularyBrand+CoreDataProperties.swift in Sources */ = {isa = PBXBuildFile; fileRef = AF519F0C1EBB9CAE00385A4C /* FormularyBrand+CoreDataProperties.swift */; };
		AF519F1D1EBB9CAE00385A4C /* RestrictedGeneric+CoreDataClass.swift in Sources */ = {isa = PBXBuildFile; fileRef = AF519F0D1EBB9CAE00385A4C /* RestrictedGeneric+CoreDataClass.swift */; };
		AF519F1E1EBB9CAE00385A4C /* RestrictedGeneric+CoreDataProperties.swift in Sources */ = {isa = PBXBuildFile; fileRef = AF519F0E1EBB9CAE00385A4C /* RestrictedGeneric+CoreDataProperties.swift */; };
		AF519F291EBBA29C00385A4C /* DrugClass+CoreDataClass.swift in Sources */ = {isa = PBXBuildFile; fileRef = AF519F251EBBA29C00385A4C /* DrugClass+CoreDataClass.swift */; };
		AF519F2A1EBBA29C00385A4C /* DrugClass+CoreDataProperties.swift in Sources */ = {isa = PBXBuildFile; fileRef = AF519F261EBBA29C00385A4C /* DrugClass+CoreDataProperties.swift */; };
		AF519F2B1EBBA29C00385A4C /* DrugEntry+CoreDataClass.swift in Sources */ = {isa = PBXBuildFile; fileRef = AF519F271EBBA29C00385A4C /* DrugEntry+CoreDataClass.swift */; };
		AF519F2C1EBBA29C00385A4C /* DrugEntry+CoreDataProperties.swift in Sources */ = {isa = PBXBuildFile; fileRef = AF519F281EBBA29C00385A4C /* DrugEntry+CoreDataProperties.swift */; };
		AF519F2E1EBD2EC400385A4C /* DrugResultViewController.swift in Sources */ = {isa = PBXBuildFile; fileRef = AF519F2D1EBD2EC400385A4C /* DrugResultViewController.swift */; };
		AF59AFB11EAFE882002D06DD /* AppDelegate.swift in Sources */ = {isa = PBXBuildFile; fileRef = AF59AFB01EAFE882002D06DD /* AppDelegate.swift */; };
		AF59AFB31EAFE882002D06DD /* MainViewController.swift in Sources */ = {isa = PBXBuildFile; fileRef = AF59AFB21EAFE882002D06DD /* MainViewController.swift */; };
		AF59AFB61EAFE882002D06DD /* Main.storyboard in Resources */ = {isa = PBXBuildFile; fileRef = AF59AFB41EAFE882002D06DD /* Main.storyboard */; };
		AF59AFB91EAFE882002D06DD /* BCHA_Formulary.xcdatamodeld in Sources */ = {isa = PBXBuildFile; fileRef = AF59AFB71EAFE882002D06DD /* BCHA_Formulary.xcdatamodeld */; };
		AF59AFBB1EAFE882002D06DD /* Assets.xcassets in Resources */ = {isa = PBXBuildFile; fileRef = AF59AFBA1EAFE882002D06DD /* Assets.xcassets */; };
		AF59AFC91EAFE882002D06DD /* BCHA_FormularyTests.swift in Sources */ = {isa = PBXBuildFile; fileRef = AF59AFC81EAFE882002D06DD /* BCHA_FormularyTests.swift */; };
		AF7772A81EB00BAC00E20590 /* LaunchViewController.swift in Sources */ = {isa = PBXBuildFile; fileRef = AF7772A71EB00BAC00E20590 /* LaunchViewController.swift */; };
		AF7772AB1EB0157300E20590 /* GoogleService-Info.plist in Resources */ = {isa = PBXBuildFile; fileRef = AF7772AA1EB0157300E20590 /* GoogleService-Info.plist */; };
		AFD7821F1EB1404E00ED7E9B /* FirebaseHelper.swift in Sources */ = {isa = PBXBuildFile; fileRef = AFD7821E1EB1404E00ED7E9B /* FirebaseHelper.swift */; };
		AFD782211EB14C5400ED7E9B /* CoreDataHelper.swift in Sources */ = {isa = PBXBuildFile; fileRef = AFD782201EB14C5400ED7E9B /* CoreDataHelper.swift */; };
		AFD782231EB2B69E00ED7E9B /* StringHelper.swift in Sources */ = {isa = PBXBuildFile; fileRef = AFD782221EB2B69E00ED7E9B /* StringHelper.swift */; };
		AFDD388C1EAFFE0300908BAC /* DrugBase.swift in Sources */ = {isa = PBXBuildFile; fileRef = AFDD38861EAFFE0200908BAC /* DrugBase.swift */; };
		AFDD388D1EAFFE0300908BAC /* ExcludedDrug.swift in Sources */ = {isa = PBXBuildFile; fileRef = AFDD38871EAFFE0200908BAC /* ExcludedDrug.swift */; };
		AFDD388E1EAFFE0300908BAC /* FormularyDrug.swift in Sources */ = {isa = PBXBuildFile; fileRef = AFDD38881EAFFE0200908BAC /* FormularyDrug.swift */; };
		AFDD388F1EAFFE0300908BAC /* NameType.swift in Sources */ = {isa = PBXBuildFile; fileRef = AFDD38891EAFFE0200908BAC /* NameType.swift */; };
		AFDD38901EAFFE0300908BAC /* RestrictedDrug.swift in Sources */ = {isa = PBXBuildFile; fileRef = AFDD388A1EAFFE0200908BAC /* RestrictedDrug.swift */; };
		AFDD38911EAFFE0300908BAC /* Status.swift in Sources */ = {isa = PBXBuildFile; fileRef = AFDD388B1EAFFE0300908BAC /* Status.swift */; };
		AFDD38941EB0048600908BAC /* LoadingView.xib in Resources */ = {isa = PBXBuildFile; fileRef = AFDD38931EB0048600908BAC /* LoadingView.xib */; };
/* End PBXBuildFile section */

/* Begin PBXContainerItemProxy section */
		AF59AFC51EAFE882002D06DD /* PBXContainerItemProxy */ = {
			isa = PBXContainerItemProxy;
			containerPortal = AF59AFA51EAFE882002D06DD /* Project object */;
			proxyType = 1;
			remoteGlobalIDString = AF59AFAC1EAFE882002D06DD;
			remoteInfo = "BCHA-Formulary";
		};
/* End PBXContainerItemProxy section */

/* Begin PBXFileReference section */
		3874968E6DB7A1FCE0579554 /* Pods-BCHA-Formulary.debug.xcconfig */ = {isa = PBXFileReference; includeInIndex = 1; lastKnownFileType = text.xcconfig; name = "Pods-BCHA-Formulary.debug.xcconfig"; path = "Pods/Target Support Files/Pods-BCHA-Formulary/Pods-BCHA-Formulary.debug.xcconfig"; sourceTree = "<group>"; };
		3A5F1BF20404FE11600B4B8B /* Pods-BCHA-Formulary.release.xcconfig */ = {isa = PBXFileReference; includeInIndex = 1; lastKnownFileType = text.xcconfig; name = "Pods-BCHA-Formulary.release.xcconfig"; path = "Pods/Target Support Files/Pods-BCHA-Formulary/Pods-BCHA-Formulary.release.xcconfig"; sourceTree = "<group>"; };
		7A120226E75C64C6105B82E9 /* Pods_BCHA_FormularyTests.framework */ = {isa = PBXFileReference; explicitFileType = wrapper.framework; includeInIndex = 0; path = Pods_BCHA_FormularyTests.framework; sourceTree = BUILT_PRODUCTS_DIR; };
		8DA96075E98599101E92100A /* Pods-BCHA-FormularyTests.release.xcconfig */ = {isa = PBXFileReference; includeInIndex = 1; lastKnownFileType = text.xcconfig; name = "Pods-BCHA-FormularyTests.release.xcconfig"; path = "Pods/Target Support Files/Pods-BCHA-FormularyTests/Pods-BCHA-FormularyTests.release.xcconfig"; sourceTree = "<group>"; };
		94EC832AA75E3C69084A7C27 /* Pods_BCHA_Formulary.framework */ = {isa = PBXFileReference; explicitFileType = wrapper.framework; includeInIndex = 0; path = Pods_BCHA_Formulary.framework; sourceTree = BUILT_PRODUCTS_DIR; };
		AF519F011EBB9CAE00385A4C /* RestrictedBrand+CoreDataClass.swift */ = {isa = PBXFileReference; fileEncoding = 4; lastKnownFileType = sourcecode.swift; path = "RestrictedBrand+CoreDataClass.swift"; sourceTree = "<group>"; };
		AF519F021EBB9CAE00385A4C /* RestrictedBrand+CoreDataProperties.swift */ = {isa = PBXFileReference; fileEncoding = 4; lastKnownFileType = sourcecode.swift; path = "RestrictedBrand+CoreDataProperties.swift"; sourceTree = "<group>"; };
		AF519F031EBB9CAE00385A4C /* FormularyGeneric+CoreDataClass.swift */ = {isa = PBXFileReference; fileEncoding = 4; lastKnownFileType = sourcecode.swift; path = "FormularyGeneric+CoreDataClass.swift"; sourceTree = "<group>"; };
		AF519F041EBB9CAE00385A4C /* FormularyGeneric+CoreDataProperties.swift */ = {isa = PBXFileReference; fileEncoding = 4; lastKnownFileType = sourcecode.swift; path = "FormularyGeneric+CoreDataProperties.swift"; sourceTree = "<group>"; };
		AF519F051EBB9CAE00385A4C /* ExcludedGeneric+CoreDataClass.swift */ = {isa = PBXFileReference; fileEncoding = 4; lastKnownFileType = sourcecode.swift; path = "ExcludedGeneric+CoreDataClass.swift"; sourceTree = "<group>"; };
		AF519F061EBB9CAE00385A4C /* ExcludedGeneric+CoreDataProperties.swift */ = {isa = PBXFileReference; fileEncoding = 4; lastKnownFileType = sourcecode.swift; path = "ExcludedGeneric+CoreDataProperties.swift"; sourceTree = "<group>"; };
		AF519F071EBB9CAE00385A4C /* ExcludedBrand+CoreDataClass.swift */ = {isa = PBXFileReference; fileEncoding = 4; lastKnownFileType = sourcecode.swift; path = "ExcludedBrand+CoreDataClass.swift"; sourceTree = "<group>"; };
		AF519F081EBB9CAE00385A4C /* ExcludedBrand+CoreDataProperties.swift */ = {isa = PBXFileReference; fileEncoding = 4; lastKnownFileType = sourcecode.swift; path = "ExcludedBrand+CoreDataProperties.swift"; sourceTree = "<group>"; };
		AF519F0B1EBB9CAE00385A4C /* FormularyBrand+CoreDataClass.swift */ = {isa = PBXFileReference; fileEncoding = 4; lastKnownFileType = sourcecode.swift; path = "FormularyBrand+CoreDataClass.swift"; sourceTree = "<group>"; };
		AF519F0C1EBB9CAE00385A4C /* FormularyBrand+CoreDataProperties.swift */ = {isa = PBXFileReference; fileEncoding = 4; lastKnownFileType = sourcecode.swift; path = "FormularyBrand+CoreDataProperties.swift"; sourceTree = "<group>"; };
		AF519F0D1EBB9CAE00385A4C /* RestrictedGeneric+CoreDataClass.swift */ = {isa = PBXFileReference; fileEncoding = 4; lastKnownFileType = sourcecode.swift; path = "RestrictedGeneric+CoreDataClass.swift"; sourceTree = "<group>"; };
		AF519F0E1EBB9CAE00385A4C /* RestrictedGeneric+CoreDataProperties.swift */ = {isa = PBXFileReference; fileEncoding = 4; lastKnownFileType = sourcecode.swift; path = "RestrictedGeneric+CoreDataProperties.swift"; sourceTree = "<group>"; };
		AF519F251EBBA29C00385A4C /* DrugClass+CoreDataClass.swift */ = {isa = PBXFileReference; fileEncoding = 4; lastKnownFileType = sourcecode.swift; path = "DrugClass+CoreDataClass.swift"; sourceTree = "<group>"; };
		AF519F261EBBA29C00385A4C /* DrugClass+CoreDataProperties.swift */ = {isa = PBXFileReference; fileEncoding = 4; lastKnownFileType = sourcecode.swift; path = "DrugClass+CoreDataProperties.swift"; sourceTree = "<group>"; };
		AF519F271EBBA29C00385A4C /* DrugEntry+CoreDataClass.swift */ = {isa = PBXFileReference; fileEncoding = 4; lastKnownFileType = sourcecode.swift; path = "DrugEntry+CoreDataClass.swift"; sourceTree = "<group>"; };
		AF519F281EBBA29C00385A4C /* DrugEntry+CoreDataProperties.swift */ = {isa = PBXFileReference; fileEncoding = 4; lastKnownFileType = sourcecode.swift; path = "DrugEntry+CoreDataProperties.swift"; sourceTree = "<group>"; };
		AF519F2D1EBD2EC400385A4C /* DrugResultViewController.swift */ = {isa = PBXFileReference; fileEncoding = 4; lastKnownFileType = sourcecode.swift; path = DrugResultViewController.swift; sourceTree = "<group>"; };
		AF59AFAD1EAFE882002D06DD /* BCHA-Formulary.app */ = {isa = PBXFileReference; explicitFileType = wrapper.application; includeInIndex = 0; path = "BCHA-Formulary.app"; sourceTree = BUILT_PRODUCTS_DIR; };
		AF59AFB01EAFE882002D06DD /* AppDelegate.swift */ = {isa = PBXFileReference; lastKnownFileType = sourcecode.swift; path = AppDelegate.swift; sourceTree = "<group>"; };
		AF59AFB21EAFE882002D06DD /* MainViewController.swift */ = {isa = PBXFileReference; lastKnownFileType = sourcecode.swift; path = MainViewController.swift; sourceTree = "<group>"; };
		AF59AFB51EAFE882002D06DD /* Base */ = {isa = PBXFileReference; lastKnownFileType = file.storyboard; name = Base; path = Base.lproj/Main.storyboard; sourceTree = "<group>"; };
		AF59AFB81EAFE882002D06DD /* BCHA_Formulary.xcdatamodel */ = {isa = PBXFileReference; lastKnownFileType = wrapper.xcdatamodel; path = BCHA_Formulary.xcdatamodel; sourceTree = "<group>"; };
		AF59AFBA1EAFE882002D06DD /* Assets.xcassets */ = {isa = PBXFileReference; lastKnownFileType = folder.assetcatalog; path = Assets.xcassets; sourceTree = "<group>"; };
		AF59AFBF1EAFE882002D06DD /* Info.plist */ = {isa = PBXFileReference; lastKnownFileType = text.plist.xml; path = Info.plist; sourceTree = "<group>"; };
		AF59AFC41EAFE882002D06DD /* BCHA-FormularyTests.xctest */ = {isa = PBXFileReference; explicitFileType = wrapper.cfbundle; includeInIndex = 0; path = "BCHA-FormularyTests.xctest"; sourceTree = BUILT_PRODUCTS_DIR; };
		AF59AFC81EAFE882002D06DD /* BCHA_FormularyTests.swift */ = {isa = PBXFileReference; lastKnownFileType = sourcecode.swift; path = BCHA_FormularyTests.swift; sourceTree = "<group>"; };
		AF59AFCA1EAFE882002D06DD /* Info.plist */ = {isa = PBXFileReference; lastKnownFileType = text.plist.xml; path = Info.plist; sourceTree = "<group>"; };
		AF7772A71EB00BAC00E20590 /* LaunchViewController.swift */ = {isa = PBXFileReference; fileEncoding = 4; lastKnownFileType = sourcecode.swift; path = LaunchViewController.swift; sourceTree = "<group>"; };
		AF7772AA1EB0157300E20590 /* GoogleService-Info.plist */ = {isa = PBXFileReference; fileEncoding = 4; lastKnownFileType = text.plist.xml; path = "GoogleService-Info.plist"; sourceTree = "<group>"; };
		AFD7821E1EB1404E00ED7E9B /* FirebaseHelper.swift */ = {isa = PBXFileReference; fileEncoding = 4; lastKnownFileType = sourcecode.swift; path = FirebaseHelper.swift; sourceTree = "<group>"; };
		AFD782201EB14C5400ED7E9B /* CoreDataHelper.swift */ = {isa = PBXFileReference; fileEncoding = 4; lastKnownFileType = sourcecode.swift; path = CoreDataHelper.swift; sourceTree = "<group>"; };
		AFD782221EB2B69E00ED7E9B /* StringHelper.swift */ = {isa = PBXFileReference; fileEncoding = 4; lastKnownFileType = sourcecode.swift; path = StringHelper.swift; sourceTree = "<group>"; };
		AFDD38861EAFFE0200908BAC /* DrugBase.swift */ = {isa = PBXFileReference; fileEncoding = 4; lastKnownFileType = sourcecode.swift; path = DrugBase.swift; sourceTree = "<group>"; };
		AFDD38871EAFFE0200908BAC /* ExcludedDrug.swift */ = {isa = PBXFileReference; fileEncoding = 4; lastKnownFileType = sourcecode.swift; path = ExcludedDrug.swift; sourceTree = "<group>"; };
		AFDD38881EAFFE0200908BAC /* FormularyDrug.swift */ = {isa = PBXFileReference; fileEncoding = 4; lastKnownFileType = sourcecode.swift; path = FormularyDrug.swift; sourceTree = "<group>"; };
		AFDD38891EAFFE0200908BAC /* NameType.swift */ = {isa = PBXFileReference; fileEncoding = 4; lastKnownFileType = sourcecode.swift; path = NameType.swift; sourceTree = "<group>"; };
		AFDD388A1EAFFE0200908BAC /* RestrictedDrug.swift */ = {isa = PBXFileReference; fileEncoding = 4; lastKnownFileType = sourcecode.swift; path = RestrictedDrug.swift; sourceTree = "<group>"; };
		AFDD388B1EAFFE0300908BAC /* Status.swift */ = {isa = PBXFileReference; fileEncoding = 4; lastKnownFileType = sourcecode.swift; path = Status.swift; sourceTree = "<group>"; };
		AFDD38931EB0048600908BAC /* LoadingView.xib */ = {isa = PBXFileReference; fileEncoding = 4; lastKnownFileType = file.xib; path = LoadingView.xib; sourceTree = "<group>"; };
		B054E0DB47B9D05A8D03C70B /* Pods-BCHA-FormularyTests.debug.xcconfig */ = {isa = PBXFileReference; includeInIndex = 1; lastKnownFileType = text.xcconfig; name = "Pods-BCHA-FormularyTests.debug.xcconfig"; path = "Pods/Target Support Files/Pods-BCHA-FormularyTests/Pods-BCHA-FormularyTests.debug.xcconfig"; sourceTree = "<group>"; };
/* End PBXFileReference section */

/* Begin PBXFrameworksBuildPhase section */
		AF59AFAA1EAFE882002D06DD /* Frameworks */ = {
			isa = PBXFrameworksBuildPhase;
			buildActionMask = 2147483647;
			files = (
				0732525FD9DE098528BB1C6D /* Pods_BCHA_Formulary.framework in Frameworks */,
			);
			runOnlyForDeploymentPostprocessing = 0;
		};
		AF59AFC11EAFE882002D06DD /* Frameworks */ = {
			isa = PBXFrameworksBuildPhase;
			buildActionMask = 2147483647;
			files = (
				6279E7EA6582993D180C9A9D /* Pods_BCHA_FormularyTests.framework in Frameworks */,
			);
			runOnlyForDeploymentPostprocessing = 0;
		};
/* End PBXFrameworksBuildPhase section */

/* Begin PBXGroup section */
		AF241CB21EAFFD5400081307 /* Models */ = {
			isa = PBXGroup;
			children = (
				AF519EE01EBB9C4600385A4C /* CoreModels */,
				AF241CB41EAFFD6A00081307 /* Enums */,
				AF241CB31EAFFD5E00081307 /* DrugModels */,
				AFD782221EB2B69E00ED7E9B /* StringHelper.swift */,
			);
			name = Models;
			sourceTree = "<group>";
		};
		AF241CB31EAFFD5E00081307 /* DrugModels */ = {
			isa = PBXGroup;
			children = (
				AFDD38861EAFFE0200908BAC /* DrugBase.swift */,
				AFDD38871EAFFE0200908BAC /* ExcludedDrug.swift */,
				AFDD38881EAFFE0200908BAC /* FormularyDrug.swift */,
				AFDD388A1EAFFE0200908BAC /* RestrictedDrug.swift */,
			);
			name = DrugModels;
			sourceTree = "<group>";
		};
		AF241CB41EAFFD6A00081307 /* Enums */ = {
			isa = PBXGroup;
			children = (
				AFDD38891EAFFE0200908BAC /* NameType.swift */,
				AFDD388B1EAFFE0300908BAC /* Status.swift */,
			);
			name = Enums;
			sourceTree = "<group>";
		};
		AF519EE01EBB9C4600385A4C /* CoreModels */ = {
			isa = PBXGroup;
			children = (
				AF519F251EBBA29C00385A4C /* DrugClass+CoreDataClass.swift */,
				AF519F261EBBA29C00385A4C /* DrugClass+CoreDataProperties.swift */,
				AF519F271EBBA29C00385A4C /* DrugEntry+CoreDataClass.swift */,
				AF519F281EBBA29C00385A4C /* DrugEntry+CoreDataProperties.swift */,
				AF519F011EBB9CAE00385A4C /* RestrictedBrand+CoreDataClass.swift */,
				AF519F021EBB9CAE00385A4C /* RestrictedBrand+CoreDataProperties.swift */,
				AF519F031EBB9CAE00385A4C /* FormularyGeneric+CoreDataClass.swift */,
				AF519F041EBB9CAE00385A4C /* FormularyGeneric+CoreDataProperties.swift */,
				AF519F051EBB9CAE00385A4C /* ExcludedGeneric+CoreDataClass.swift */,
				AF519F061EBB9CAE00385A4C /* ExcludedGeneric+CoreDataProperties.swift */,
				AF519F071EBB9CAE00385A4C /* ExcludedBrand+CoreDataClass.swift */,
				AF519F081EBB9CAE00385A4C /* ExcludedBrand+CoreDataProperties.swift */,
				AF519F0B1EBB9CAE00385A4C /* FormularyBrand+CoreDataClass.swift */,
				AF519F0C1EBB9CAE00385A4C /* FormularyBrand+CoreDataProperties.swift */,
				AF519F0D1EBB9CAE00385A4C /* RestrictedGeneric+CoreDataClass.swift */,
				AF519F0E1EBB9CAE00385A4C /* RestrictedGeneric+CoreDataProperties.swift */,
			);
			name = CoreModels;
			sourceTree = "<group>";
		};
		AF59AFA41EAFE882002D06DD = {
			isa = PBXGroup;
			children = (
				AF59AFAF1EAFE882002D06DD /* BCHA-Formulary */,
				AF59AFC71EAFE882002D06DD /* BCHA-FormularyTests */,
				AF59AFAE1EAFE882002D06DD /* Products */,
				B13DF185D657FB944880120B /* Pods */,
				C60F40ADDFF6DFD524551937 /* Frameworks */,
			);
			sourceTree = "<group>";
		};
		AF59AFAE1EAFE882002D06DD /* Products */ = {
			isa = PBXGroup;
			children = (
				AF59AFAD1EAFE882002D06DD /* BCHA-Formulary.app */,
				AF59AFC41EAFE882002D06DD /* BCHA-FormularyTests.xctest */,
			);
			name = Products;
			sourceTree = "<group>";
		};
		AF59AFAF1EAFE882002D06DD /* BCHA-Formulary */ = {
			isa = PBXGroup;
			children = (
				AF7772AA1EB0157300E20590 /* GoogleService-Info.plist */,
				AFDD38951EB0060D00908BAC /* ViewControllers */,
				AFDD38921EB0046B00908BAC /* Views */,
				AF241CB21EAFFD5400081307 /* Models */,
				AF59AFB01EAFE882002D06DD /* AppDelegate.swift */,
				AF59AFB41EAFE882002D06DD /* Main.storyboard */,
				AF59AFBA1EAFE882002D06DD /* Assets.xcassets */,
				AF59AFBF1EAFE882002D06DD /* Info.plist */,
				AF59AFB71EAFE882002D06DD /* BCHA_Formulary.xcdatamodeld */,
				AFD7821E1EB1404E00ED7E9B /* FirebaseHelper.swift */,
				AFD782201EB14C5400ED7E9B /* CoreDataHelper.swift */,
			);
			path = "BCHA-Formulary";
			sourceTree = "<group>";
		};
		AF59AFC71EAFE882002D06DD /* BCHA-FormularyTests */ = {
			isa = PBXGroup;
			children = (
				AF59AFC81EAFE882002D06DD /* BCHA_FormularyTests.swift */,
				AF59AFCA1EAFE882002D06DD /* Info.plist */,
			);
			path = "BCHA-FormularyTests";
			sourceTree = "<group>";
		};
		AFDD38921EB0046B00908BAC /* Views */ = {
			isa = PBXGroup;
			children = (
				AFDD38931EB0048600908BAC /* LoadingView.xib */,
			);
			name = Views;
			sourceTree = "<group>";
		};
		AFDD38951EB0060D00908BAC /* ViewControllers */ = {
			isa = PBXGroup;
			children = (
				AF59AFB21EAFE882002D06DD /* MainViewController.swift */,
				AF7772A71EB00BAC00E20590 /* LaunchViewController.swift */,
				AF519F2D1EBD2EC400385A4C /* DrugResultViewController.swift */,
			);
			name = ViewControllers;
			sourceTree = "<group>";
		};
		B13DF185D657FB944880120B /* Pods */ = {
			isa = PBXGroup;
			children = (
				3874968E6DB7A1FCE0579554 /* Pods-BCHA-Formulary.debug.xcconfig */,
				3A5F1BF20404FE11600B4B8B /* Pods-BCHA-Formulary.release.xcconfig */,
				B054E0DB47B9D05A8D03C70B /* Pods-BCHA-FormularyTests.debug.xcconfig */,
				8DA96075E98599101E92100A /* Pods-BCHA-FormularyTests.release.xcconfig */,
			);
			name = Pods;
			sourceTree = "<group>";
		};
		C60F40ADDFF6DFD524551937 /* Frameworks */ = {
			isa = PBXGroup;
			children = (
				94EC832AA75E3C69084A7C27 /* Pods_BCHA_Formulary.framework */,
				7A120226E75C64C6105B82E9 /* Pods_BCHA_FormularyTests.framework */,
			);
			name = Frameworks;
			sourceTree = "<group>";
		};
/* End PBXGroup section */

/* Begin PBXNativeTarget section */
		AF59AFAC1EAFE882002D06DD /* BCHA-Formulary */ = {
			isa = PBXNativeTarget;
			buildConfigurationList = AF59AFCD1EAFE882002D06DD /* Build configuration list for PBXNativeTarget "BCHA-Formulary" */;
			buildPhases = (
				C8ACD9A89CF99FAC035D8291 /* [CP] Check Pods Manifest.lock */,
				AF59AFA91EAFE882002D06DD /* Sources */,
				AF59AFAA1EAFE882002D06DD /* Frameworks */,
				AF59AFAB1EAFE882002D06DD /* Resources */,
				C3E16208B626969381C4BF46 /* [CP] Embed Pods Frameworks */,
				5E1C55554469C09110C46B22 /* [CP] Copy Pods Resources */,
			);
			buildRules = (
			);
			dependencies = (
			);
			name = "BCHA-Formulary";
			productName = "BCHA-Formulary";
			productReference = AF59AFAD1EAFE882002D06DD /* BCHA-Formulary.app */;
			productType = "com.apple.product-type.application";
		};
		AF59AFC31EAFE882002D06DD /* BCHA-FormularyTests */ = {
			isa = PBXNativeTarget;
			buildConfigurationList = AF59AFD01EAFE882002D06DD /* Build configuration list for PBXNativeTarget "BCHA-FormularyTests" */;
			buildPhases = (
				DAA00CAB087947757B4D2AC7 /* [CP] Check Pods Manifest.lock */,
				AF59AFC01EAFE882002D06DD /* Sources */,
				AF59AFC11EAFE882002D06DD /* Frameworks */,
				AF59AFC21EAFE882002D06DD /* Resources */,
				24D44EA7E8BFE5930F055BCA /* [CP] Embed Pods Frameworks */,
				629E495DE4ADF4041627DA07 /* [CP] Copy Pods Resources */,
			);
			buildRules = (
			);
			dependencies = (
				AF59AFC61EAFE882002D06DD /* PBXTargetDependency */,
			);
			name = "BCHA-FormularyTests";
			productName = "BCHA-FormularyTests";
			productReference = AF59AFC41EAFE882002D06DD /* BCHA-FormularyTests.xctest */;
			productType = "com.apple.product-type.bundle.unit-test";
		};
/* End PBXNativeTarget section */

/* Begin PBXProject section */
		AF59AFA51EAFE882002D06DD /* Project object */ = {
			isa = PBXProject;
			attributes = {
				LastSwiftUpdateCheck = 0830;
				LastUpgradeCheck = 0830;
				ORGANIZATIONNAME = BCHA;
				TargetAttributes = {
					AF59AFAC1EAFE882002D06DD = {
						CreatedOnToolsVersion = 8.3.2;
						DevelopmentTeam = HJ9RR6V7U3;
						ProvisioningStyle = Automatic;
					};
					AF59AFC31EAFE882002D06DD = {
						CreatedOnToolsVersion = 8.3.2;
						DevelopmentTeam = HJ9RR6V7U3;
						ProvisioningStyle = Automatic;
						TestTargetID = AF59AFAC1EAFE882002D06DD;
					};
				};
			};
			buildConfigurationList = AF59AFA81EAFE882002D06DD /* Build configuration list for PBXProject "BCHA-Formulary" */;
			compatibilityVersion = "Xcode 3.2";
			developmentRegion = English;
			hasScannedForEncodings = 0;
			knownRegions = (
				en,
				Base,
			);
			mainGroup = AF59AFA41EAFE882002D06DD;
			productRefGroup = AF59AFAE1EAFE882002D06DD /* Products */;
			projectDirPath = "";
			projectRoot = "";
			targets = (
				AF59AFAC1EAFE882002D06DD /* BCHA-Formulary */,
				AF59AFC31EAFE882002D06DD /* BCHA-FormularyTests */,
			);
		};
/* End PBXProject section */

/* Begin PBXResourcesBuildPhase section */
		AF59AFAB1EAFE882002D06DD /* Resources */ = {
			isa = PBXResourcesBuildPhase;
			buildActionMask = 2147483647;
			files = (
				AFDD38941EB0048600908BAC /* LoadingView.xib in Resources */,
				AF7772AB1EB0157300E20590 /* GoogleService-Info.plist in Resources */,
				AF59AFBB1EAFE882002D06DD /* Assets.xcassets in Resources */,
				AF59AFB61EAFE882002D06DD /* Main.storyboard in Resources */,
			);
			runOnlyForDeploymentPostprocessing = 0;
		};
		AF59AFC21EAFE882002D06DD /* Resources */ = {
			isa = PBXResourcesBuildPhase;
			buildActionMask = 2147483647;
			files = (
			);
			runOnlyForDeploymentPostprocessing = 0;
		};
/* End PBXResourcesBuildPhase section */

/* Begin PBXShellScriptBuildPhase section */
		24D44EA7E8BFE5930F055BCA /* [CP] Embed Pods Frameworks */ = {
			isa = PBXShellScriptBuildPhase;
			buildActionMask = 2147483647;
			files = (
			);
			inputPaths = (
			);
			name = "[CP] Embed Pods Frameworks";
			outputPaths = (
			);
			runOnlyForDeploymentPostprocessing = 0;
			shellPath = /bin/sh;
			shellScript = "\"${SRCROOT}/Pods/Target Support Files/Pods-BCHA-FormularyTests/Pods-BCHA-FormularyTests-frameworks.sh\"\n";
			showEnvVarsInLog = 0;
		};
		5E1C55554469C09110C46B22 /* [CP] Copy Pods Resources */ = {
			isa = PBXShellScriptBuildPhase;
			buildActionMask = 2147483647;
			files = (
			);
			inputPaths = (
			);
			name = "[CP] Copy Pods Resources";
			outputPaths = (
			);
			runOnlyForDeploymentPostprocessing = 0;
			shellPath = /bin/sh;
			shellScript = "\"${SRCROOT}/Pods/Target Support Files/Pods-BCHA-Formulary/Pods-BCHA-Formulary-resources.sh\"\n";
			showEnvVarsInLog = 0;
		};
		629E495DE4ADF4041627DA07 /* [CP] Copy Pods Resources */ = {
			isa = PBXShellScriptBuildPhase;
			buildActionMask = 2147483647;
			files = (
			);
			inputPaths = (
			);
			name = "[CP] Copy Pods Resources";
			outputPaths = (
			);
			runOnlyForDeploymentPostprocessing = 0;
			shellPath = /bin/sh;
			shellScript = "\"${SRCROOT}/Pods/Target Support Files/Pods-BCHA-FormularyTests/Pods-BCHA-FormularyTests-resources.sh\"\n";
			showEnvVarsInLog = 0;
		};
		C3E16208B626969381C4BF46 /* [CP] Embed Pods Frameworks */ = {
			isa = PBXShellScriptBuildPhase;
			buildActionMask = 2147483647;
			files = (
			);
			inputPaths = (
			);
			name = "[CP] Embed Pods Frameworks";
			outputPaths = (
			);
			runOnlyForDeploymentPostprocessing = 0;
			shellPath = /bin/sh;
			shellScript = "\"${SRCROOT}/Pods/Target Support Files/Pods-BCHA-Formulary/Pods-BCHA-Formulary-frameworks.sh\"\n";
			showEnvVarsInLog = 0;
		};
		C8ACD9A89CF99FAC035D8291 /* [CP] Check Pods Manifest.lock */ = {
			isa = PBXShellScriptBuildPhase;
			buildActionMask = 2147483647;
			files = (
			);
			inputPaths = (
			);
			name = "[CP] Check Pods Manifest.lock";
			outputPaths = (
			);
			runOnlyForDeploymentPostprocessing = 0;
			shellPath = /bin/sh;
			shellScript = "diff \"${PODS_PODFILE_DIR_PATH}/Podfile.lock\" \"${PODS_ROOT}/Manifest.lock\" > /dev/null\nif [ $? != 0 ] ; then\n    # print error to STDERR\n    echo \"error: The sandbox is not in sync with the Podfile.lock. Run 'pod install' or update your CocoaPods installation.\" >&2\n    exit 1\nfi\n";
			showEnvVarsInLog = 0;
		};
		DAA00CAB087947757B4D2AC7 /* [CP] Check Pods Manifest.lock */ = {
			isa = PBXShellScriptBuildPhase;
			buildActionMask = 2147483647;
			files = (
			);
			inputPaths = (
			);
			name = "[CP] Check Pods Manifest.lock";
			outputPaths = (
			);
			runOnlyForDeploymentPostprocessing = 0;
			shellPath = /bin/sh;
			shellScript = "diff \"${PODS_PODFILE_DIR_PATH}/Podfile.lock\" \"${PODS_ROOT}/Manifest.lock\" > /dev/null\nif [ $? != 0 ] ; then\n    # print error to STDERR\n    echo \"error: The sandbox is not in sync with the Podfile.lock. Run 'pod install' or update your CocoaPods installation.\" >&2\n    exit 1\nfi\n";
			showEnvVarsInLog = 0;
		};
/* End PBXShellScriptBuildPhase section */

/* Begin PBXSourcesBuildPhase section */
		AF59AFA91EAFE882002D06DD /* Sources */ = {
			isa = PBXSourcesBuildPhase;
			buildActionMask = 2147483647;
			files = (
				AF519F291EBBA29C00385A4C /* DrugClass+CoreDataClass.swift in Sources */,
				AF519F1D1EBB9CAE00385A4C /* RestrictedGeneric+CoreDataClass.swift in Sources */,
				AF519F111EBB9CAE00385A4C /* RestrictedBrand+CoreDataClass.swift in Sources */,
				AF519F131EBB9CAE00385A4C /* FormularyGeneric+CoreDataClass.swift in Sources */,
				AF59AFB91EAFE882002D06DD /* BCHA_Formulary.xcdatamodeld in Sources */,
				AF519F121EBB9CAE00385A4C /* RestrictedBrand+CoreDataProperties.swift in Sources */,
				AF7772A81EB00BAC00E20590 /* LaunchViewController.swift in Sources */,
				AFDD388E1EAFFE0300908BAC /* FormularyDrug.swift in Sources */,
				AF519F2B1EBBA29C00385A4C /* DrugEntry+CoreDataClass.swift in Sources */,
				AF519F181EBB9CAE00385A4C /* ExcludedBrand+CoreDataProperties.swift in Sources */,
				AFDD38901EAFFE0300908BAC /* RestrictedDrug.swift in Sources */,
				AF519F161EBB9CAE00385A4C /* ExcludedGeneric+CoreDataProperties.swift in Sources */,
				AF59AFB31EAFE882002D06DD /* MainViewController.swift in Sources */,
				AF519F1E1EBB9CAE00385A4C /* RestrictedGeneric+CoreDataProperties.swift in Sources */,
				AF519F141EBB9CAE00385A4C /* FormularyGeneric+CoreDataProperties.swift in Sources */,
				AFD782231EB2B69E00ED7E9B /* StringHelper.swift in Sources */,
				AF519F1B1EBB9CAE00385A4C /* FormularyBrand+CoreDataClass.swift in Sources */,
				AF519F2E1EBD2EC400385A4C /* DrugResultViewController.swift in Sources */,
				AFDD388C1EAFFE0300908BAC /* DrugBase.swift in Sources */,
				AFD782211EB14C5400ED7E9B /* CoreDataHelper.swift in Sources */,
				AFDD38911EAFFE0300908BAC /* Status.swift in Sources */,
				AF519F151EBB9CAE00385A4C /* ExcludedGeneric+CoreDataClass.swift in Sources */,
				AF519F171EBB9CAE00385A4C /* ExcludedBrand+CoreDataClass.swift in Sources */,
				AFDD388D1EAFFE0300908BAC /* ExcludedDrug.swift in Sources */,
				AFDD388F1EAFFE0300908BAC /* NameType.swift in Sources */,
				AFD7821F1EB1404E00ED7E9B /* FirebaseHelper.swift in Sources */,
				AF519F2A1EBBA29C00385A4C /* DrugClass+CoreDataProperties.swift in Sources */,
				AF519F1C1EBB9CAE00385A4C /* FormularyBrand+CoreDataProperties.swift in Sources */,
				AF519F2C1EBBA29C00385A4C /* DrugEntry+CoreDataProperties.swift in Sources */,
				AF59AFB11EAFE882002D06DD /* AppDelegate.swift in Sources */,
			);
			runOnlyForDeploymentPostprocessing = 0;
		};
		AF59AFC01EAFE882002D06DD /* Sources */ = {
			isa = PBXSourcesBuildPhase;
			buildActionMask = 2147483647;
			files = (
				AF59AFC91EAFE882002D06DD /* BCHA_FormularyTests.swift in Sources */,
			);
			runOnlyForDeploymentPostprocessing = 0;
		};
/* End PBXSourcesBuildPhase section */

/* Begin PBXTargetDependency section */
		AF59AFC61EAFE882002D06DD /* PBXTargetDependency */ = {
			isa = PBXTargetDependency;
			target = AF59AFAC1EAFE882002D06DD /* BCHA-Formulary */;
			targetProxy = AF59AFC51EAFE882002D06DD /* PBXContainerItemProxy */;
		};
/* End PBXTargetDependency section */

/* Begin PBXVariantGroup section */
		AF59AFB41EAFE882002D06DD /* Main.storyboard */ = {
			isa = PBXVariantGroup;
			children = (
				AF59AFB51EAFE882002D06DD /* Base */,
			);
			name = Main.storyboard;
			sourceTree = "<group>";
		};
/* End PBXVariantGroup section */

/* Begin XCBuildConfiguration section */
		AF59AFCB1EAFE882002D06DD /* Debug */ = {
			isa = XCBuildConfiguration;
			buildSettings = {
				ALWAYS_SEARCH_USER_PATHS = NO;
				CLANG_ANALYZER_NONNULL = YES;
				CLANG_ANALYZER_NUMBER_OBJECT_CONVERSION = YES_AGGRESSIVE;
				CLANG_CXX_LANGUAGE_STANDARD = "gnu++0x";
				CLANG_CXX_LIBRARY = "libc++";
				CLANG_ENABLE_MODULES = YES;
				CLANG_ENABLE_OBJC_ARC = YES;
				CLANG_WARN_BOOL_CONVERSION = YES;
				CLANG_WARN_CONSTANT_CONVERSION = YES;
				CLANG_WARN_DIRECT_OBJC_ISA_USAGE = YES_ERROR;
				CLANG_WARN_DOCUMENTATION_COMMENTS = YES;
				CLANG_WARN_EMPTY_BODY = YES;
				CLANG_WARN_ENUM_CONVERSION = YES;
				CLANG_WARN_INFINITE_RECURSION = YES;
				CLANG_WARN_INT_CONVERSION = YES;
				CLANG_WARN_OBJC_ROOT_CLASS = YES_ERROR;
				CLANG_WARN_SUSPICIOUS_MOVE = YES;
				CLANG_WARN_UNREACHABLE_CODE = YES;
				CLANG_WARN__DUPLICATE_METHOD_MATCH = YES;
				"CODE_SIGN_IDENTITY[sdk=iphoneos*]" = "iPhone Developer";
				COPY_PHASE_STRIP = NO;
				DEBUG_INFORMATION_FORMAT = dwarf;
				ENABLE_STRICT_OBJC_MSGSEND = YES;
				ENABLE_TESTABILITY = YES;
				GCC_C_LANGUAGE_STANDARD = gnu99;
				GCC_DYNAMIC_NO_PIC = NO;
				GCC_NO_COMMON_BLOCKS = YES;
				GCC_OPTIMIZATION_LEVEL = 0;
				GCC_PREPROCESSOR_DEFINITIONS = (
					"DEBUG=1",
					"$(inherited)",
				);
				GCC_WARN_64_TO_32_BIT_CONVERSION = YES;
				GCC_WARN_ABOUT_RETURN_TYPE = YES_ERROR;
				GCC_WARN_UNDECLARED_SELECTOR = YES;
				GCC_WARN_UNINITIALIZED_AUTOS = YES_AGGRESSIVE;
				GCC_WARN_UNUSED_FUNCTION = YES;
				GCC_WARN_UNUSED_VARIABLE = YES;
				IPHONEOS_DEPLOYMENT_TARGET = 10.3;
				MTL_ENABLE_DEBUG_INFO = YES;
				ONLY_ACTIVE_ARCH = YES;
				SDKROOT = iphoneos;
				SWIFT_ACTIVE_COMPILATION_CONDITIONS = DEBUG;
				SWIFT_OPTIMIZATION_LEVEL = "-Onone";
			};
			name = Debug;
		};
		AF59AFCC1EAFE882002D06DD /* Release */ = {
			isa = XCBuildConfiguration;
			buildSettings = {
				ALWAYS_SEARCH_USER_PATHS = NO;
				CLANG_ANALYZER_NONNULL = YES;
				CLANG_ANALYZER_NUMBER_OBJECT_CONVERSION = YES_AGGRESSIVE;
				CLANG_CXX_LANGUAGE_STANDARD = "gnu++0x";
				CLANG_CXX_LIBRARY = "libc++";
				CLANG_ENABLE_MODULES = YES;
				CLANG_ENABLE_OBJC_ARC = YES;
				CLANG_WARN_BOOL_CONVERSION = YES;
				CLANG_WARN_CONSTANT_CONVERSION = YES;
				CLANG_WARN_DIRECT_OBJC_ISA_USAGE = YES_ERROR;
				CLANG_WARN_DOCUMENTATION_COMMENTS = YES;
				CLANG_WARN_EMPTY_BODY = YES;
				CLANG_WARN_ENUM_CONVERSION = YES;
				CLANG_WARN_INFINITE_RECURSION = YES;
				CLANG_WARN_INT_CONVERSION = YES;
				CLANG_WARN_OBJC_ROOT_CLASS = YES_ERROR;
				CLANG_WARN_SUSPICIOUS_MOVE = YES;
				CLANG_WARN_UNREACHABLE_CODE = YES;
				CLANG_WARN__DUPLICATE_METHOD_MATCH = YES;
				"CODE_SIGN_IDENTITY[sdk=iphoneos*]" = "iPhone Developer";
				COPY_PHASE_STRIP = NO;
				DEBUG_INFORMATION_FORMAT = "dwarf-with-dsym";
				ENABLE_NS_ASSERTIONS = NO;
				ENABLE_STRICT_OBJC_MSGSEND = YES;
				GCC_C_LANGUAGE_STANDARD = gnu99;
				GCC_NO_COMMON_BLOCKS = YES;
				GCC_WARN_64_TO_32_BIT_CONVERSION = YES;
				GCC_WARN_ABOUT_RETURN_TYPE = YES_ERROR;
				GCC_WARN_UNDECLARED_SELECTOR = YES;
				GCC_WARN_UNINITIALIZED_AUTOS = YES_AGGRESSIVE;
				GCC_WARN_UNUSED_FUNCTION = YES;
				GCC_WARN_UNUSED_VARIABLE = YES;
				IPHONEOS_DEPLOYMENT_TARGET = 10.3;
				MTL_ENABLE_DEBUG_INFO = NO;
				SDKROOT = iphoneos;
				SWIFT_OPTIMIZATION_LEVEL = "-Owholemodule";
				VALIDATE_PRODUCT = YES;
			};
			name = Release;
		};
		AF59AFCE1EAFE882002D06DD /* Debug */ = {
			isa = XCBuildConfiguration;
			baseConfigurationReference = 3874968E6DB7A1FCE0579554 /* Pods-BCHA-Formulary.debug.xcconfig */;
			buildSettings = {
				ASSETCATALOG_COMPILER_APPICON_NAME = AppIcon;
				DEVELOPMENT_TEAM = HJ9RR6V7U3;
				INFOPLIST_FILE = "BCHA-Formulary/Info.plist";
				LD_RUNPATH_SEARCH_PATHS = "$(inherited) @executable_path/Frameworks";
				PRODUCT_BUNDLE_IDENTIFIER = "BCHA.BCHA-Formulary";
				PRODUCT_NAME = "$(TARGET_NAME)";
				SWIFT_VERSION = 3.0;
			};
			name = Debug;
		};
		AF59AFCF1EAFE882002D06DD /* Release */ = {
			isa = XCBuildConfiguration;
			baseConfigurationReference = 3A5F1BF20404FE11600B4B8B /* Pods-BCHA-Formulary.release.xcconfig */;
			buildSettings = {
				ASSETCATALOG_COMPILER_APPICON_NAME = AppIcon;
				DEVELOPMENT_TEAM = HJ9RR6V7U3;
				INFOPLIST_FILE = "BCHA-Formulary/Info.plist";
				LD_RUNPATH_SEARCH_PATHS = "$(inherited) @executable_path/Frameworks";
				PRODUCT_BUNDLE_IDENTIFIER = "BCHA.BCHA-Formulary";
				PRODUCT_NAME = "$(TARGET_NAME)";
				SWIFT_VERSION = 3.0;
			};
			name = Release;
		};
		AF59AFD11EAFE882002D06DD /* Debug */ = {
			isa = XCBuildConfiguration;
			baseConfigurationReference = B054E0DB47B9D05A8D03C70B /* Pods-BCHA-FormularyTests.debug.xcconfig */;
			buildSettings = {
				ALWAYS_EMBED_SWIFT_STANDARD_LIBRARIES = YES;
				BUNDLE_LOADER = "$(TEST_HOST)";
				DEVELOPMENT_TEAM = HJ9RR6V7U3;
				INFOPLIST_FILE = "BCHA-FormularyTests/Info.plist";
				LD_RUNPATH_SEARCH_PATHS = "$(inherited) @executable_path/Frameworks @loader_path/Frameworks";
				PRODUCT_BUNDLE_IDENTIFIER = "BCHA.BCHA-FormularyTests";
				PRODUCT_NAME = "$(TARGET_NAME)";
				SWIFT_VERSION = 3.0;
				TEST_HOST = "$(BUILT_PRODUCTS_DIR)/BCHA-Formulary.app/BCHA-Formulary";
			};
			name = Debug;
		};
		AF59AFD21EAFE882002D06DD /* Release */ = {
			isa = XCBuildConfiguration;
			baseConfigurationReference = 8DA96075E98599101E92100A /* Pods-BCHA-FormularyTests.release.xcconfig */;
			buildSettings = {
				ALWAYS_EMBED_SWIFT_STANDARD_LIBRARIES = YES;
				BUNDLE_LOADER = "$(TEST_HOST)";
				DEVELOPMENT_TEAM = HJ9RR6V7U3;
				INFOPLIST_FILE = "BCHA-FormularyTests/Info.plist";
				LD_RUNPATH_SEARCH_PATHS = "$(inherited) @executable_path/Frameworks @loader_path/Frameworks";
				PRODUCT_BUNDLE_IDENTIFIER = "BCHA.BCHA-FormularyTests";
				PRODUCT_NAME = "$(TARGET_NAME)";
				SWIFT_VERSION = 3.0;
				TEST_HOST = "$(BUILT_PRODUCTS_DIR)/BCHA-Formulary.app/BCHA-Formulary";
			};
			name = Release;
		};
/* End XCBuildConfiguration section */

/* Begin XCConfigurationList section */
		AF59AFA81EAFE882002D06DD /* Build configuration list for PBXProject "BCHA-Formulary" */ = {
			isa = XCConfigurationList;
			buildConfigurations = (
				AF59AFCB1EAFE882002D06DD /* Debug */,
				AF59AFCC1EAFE882002D06DD /* Release */,
			);
			defaultConfigurationIsVisible = 0;
			defaultConfigurationName = Release;
		};
		AF59AFCD1EAFE882002D06DD /* Build configuration list for PBXNativeTarget "BCHA-Formulary" */ = {
			isa = XCConfigurationList;
			buildConfigurations = (
				AF59AFCE1EAFE882002D06DD /* Debug */,
				AF59AFCF1EAFE882002D06DD /* Release */,
			);
			defaultConfigurationIsVisible = 0;
			defaultConfigurationName = Release;
		};
		AF59AFD01EAFE882002D06DD /* Build configuration list for PBXNativeTarget "BCHA-FormularyTests" */ = {
			isa = XCConfigurationList;
			buildConfigurations = (
				AF59AFD11EAFE882002D06DD /* Debug */,
				AF59AFD21EAFE882002D06DD /* Release */,
			);
			defaultConfigurationIsVisible = 0;
			defaultConfigurationName = Release;
		};
/* End XCConfigurationList section */

/* Begin XCVersionGroup section */
		AF59AFB71EAFE882002D06DD /* BCHA_Formulary.xcdatamodeld */ = {
			isa = XCVersionGroup;
			children = (
				AF59AFB81EAFE882002D06DD /* BCHA_Formulary.xcdatamodel */,
			);
			currentVersion = AF59AFB81EAFE882002D06DD /* BCHA_Formulary.xcdatamodel */;
			path = BCHA_Formulary.xcdatamodeld;
			sourceTree = "<group>";
			versionGroupType = wrapper.xcdatamodel;
		};
/* End XCVersionGroup section */
	};
	rootObject = AF59AFA51EAFE882002D06DD /* Project object */;
}
